// !$*UTF8*$!
{
	archiveVersion = 1;
	classes = {
	};
	objectVersion = 46;
	objects = {

/* Begin PBXBuildFile section */
		91D4B9651A48A0D00040B884 /* main.m in Sources */ = {isa = PBXBuildFile; fileRef = 91D4B9641A48A0D00040B884 /* main.m */; };
		91D4B9681A48A0D00040B884 /* AppDelegate.m in Sources */ = {isa = PBXBuildFile; fileRef = 91D4B9671A48A0D00040B884 /* AppDelegate.m */; };
		91D4B96E1A48A0D00040B884 /* Main.storyboard in Resources */ = {isa = PBXBuildFile; fileRef = 91D4B96C1A48A0D00040B884 /* Main.storyboard */; };
		91D4B9701A48A0D00040B884 /* Images.xcassets in Resources */ = {isa = PBXBuildFile; fileRef = 91D4B96F1A48A0D00040B884 /* Images.xcassets */; };
		91D4B9731A48A0D00040B884 /* LaunchScreen.xib in Resources */ = {isa = PBXBuildFile; fileRef = 91D4B9711A48A0D00040B884 /* LaunchScreen.xib */; };
		91D4B97F1A48A0D00040B884 /* tipcalculatorTests.m in Sources */ = {isa = PBXBuildFile; fileRef = 91D4B97E1A48A0D00040B884 /* tipcalculatorTests.m */; };
		91D4B98B1A48AE690040B884 /* TipViewController.m in Sources */ = {isa = PBXBuildFile; fileRef = 91D4B9891A48AE690040B884 /* TipViewController.m */; };
		91D4B98C1A48AE690040B884 /* TipViewController.xib in Resources */ = {isa = PBXBuildFile; fileRef = 91D4B98A1A48AE690040B884 /* TipViewController.xib */; };
		91D4B9901A48C6130040B884 /* SettingsViewController.m in Sources */ = {isa = PBXBuildFile; fileRef = 91D4B98E1A48C6130040B884 /* SettingsViewController.m */; };
		91D4B9911A48C6130040B884 /* SettingsViewController.xib in Resources */ = {isa = PBXBuildFile; fileRef = 91D4B98F1A48C6130040B884 /* SettingsViewController.xib */; };
		91D4B9941A48CC840040B884 /* TipPickerDelegate.m in Sources */ = {isa = PBXBuildFile; fileRef = 91D4B9931A48CC840040B884 /* TipPickerDelegate.m */; };
		91D4B9971A48D54E0040B884 /* DefaultsController.m in Sources */ = {isa = PBXBuildFile; fileRef = 91D4B9961A48D54E0040B884 /* DefaultsController.m */; };
		91D4B9991A4908BD0040B884 /* README.md in Sources */ = {isa = PBXBuildFile; fileRef = 91D4B9981A4908BD0040B884 /* README.md */; };
		91D4B99B1A490DF30040B884 /* walkthrough.gif in Resources */ = {isa = PBXBuildFile; fileRef = 91D4B99A1A490DF30040B884 /* walkthrough.gif */; };
/* End PBXBuildFile section */

/* Begin PBXContainerItemProxy section */
		91D4B9791A48A0D00040B884 /* PBXContainerItemProxy */ = {
			isa = PBXContainerItemProxy;
			containerPortal = 91D4B9571A48A0D00040B884 /* Project object */;
			proxyType = 1;
			remoteGlobalIDString = 91D4B95E1A48A0D00040B884;
			remoteInfo = tipcalculator;
		};
/* End PBXContainerItemProxy section */

/* Begin PBXFileReference section */
		91D4B95F1A48A0D00040B884 /* tipcalculator.app */ = {isa = PBXFileReference; explicitFileType = wrapper.application; includeInIndex = 0; path = tipcalculator.app; sourceTree = BUILT_PRODUCTS_DIR; };
		91D4B9631A48A0D00040B884 /* Info.plist */ = {isa = PBXFileReference; lastKnownFileType = text.plist.xml; path = Info.plist; sourceTree = "<group>"; };
		91D4B9641A48A0D00040B884 /* main.m */ = {isa = PBXFileReference; lastKnownFileType = sourcecode.c.objc; path = main.m; sourceTree = "<group>"; };
		91D4B9661A48A0D00040B884 /* AppDelegate.h */ = {isa = PBXFileReference; lastKnownFileType = sourcecode.c.h; path = AppDelegate.h; sourceTree = "<group>"; };
		91D4B9671A48A0D00040B884 /* AppDelegate.m */ = {isa = PBXFileReference; lastKnownFileType = sourcecode.c.objc; path = AppDelegate.m; sourceTree = "<group>"; };
		91D4B96D1A48A0D00040B884 /* Base */ = {isa = PBXFileReference; lastKnownFileType = file.storyboard; name = Base; path = Base.lproj/Main.storyboard; sourceTree = "<group>"; };
		91D4B96F1A48A0D00040B884 /* Images.xcassets */ = {isa = PBXFileReference; lastKnownFileType = folder.assetcatalog; path = Images.xcassets; sourceTree = "<group>"; };
		91D4B9721A48A0D00040B884 /* Base */ = {isa = PBXFileReference; lastKnownFileType = file.xib; name = Base; path = Base.lproj/LaunchScreen.xib; sourceTree = "<group>"; };
		91D4B9781A48A0D00040B884 /* tipcalculatorTests.xctest */ = {isa = PBXFileReference; explicitFileType = wrapper.cfbundle; includeInIndex = 0; path = tipcalculatorTests.xctest; sourceTree = BUILT_PRODUCTS_DIR; };
		91D4B97D1A48A0D00040B884 /* Info.plist */ = {isa = PBXFileReference; lastKnownFileType = text.plist.xml; path = Info.plist; sourceTree = "<group>"; };
		91D4B97E1A48A0D00040B884 /* tipcalculatorTests.m */ = {isa = PBXFileReference; lastKnownFileType = sourcecode.c.objc; path = tipcalculatorTests.m; sourceTree = "<group>"; };
		91D4B9881A48AE690040B884 /* TipViewController.h */ = {isa = PBXFileReference; fileEncoding = 4; lastKnownFileType = sourcecode.c.h; path = TipViewController.h; sourceTree = "<group>"; };
		91D4B9891A48AE690040B884 /* TipViewController.m */ = {isa = PBXFileReference; fileEncoding = 4; lastKnownFileType = sourcecode.c.objc; path = TipViewController.m; sourceTree = "<group>"; };
		91D4B98A1A48AE690040B884 /* TipViewController.xib */ = {isa = PBXFileReference; fileEncoding = 4; lastKnownFileType = file.xib; path = TipViewController.xib; sourceTree = "<group>"; };
		91D4B98D1A48C6130040B884 /* SettingsViewController.h */ = {isa = PBXFileReference; fileEncoding = 4; lastKnownFileType = sourcecode.c.h; path = SettingsViewController.h; sourceTree = "<group>"; };
		91D4B98E1A48C6130040B884 /* SettingsViewController.m */ = {isa = PBXFileReference; fileEncoding = 4; lastKnownFileType = sourcecode.c.objc; path = SettingsViewController.m; sourceTree = "<group>"; };
		91D4B98F1A48C6130040B884 /* SettingsViewController.xib */ = {isa = PBXFileReference; fileEncoding = 4; lastKnownFileType = file.xib; path = SettingsViewController.xib; sourceTree = "<group>"; };
		91D4B9921A48CC840040B884 /* TipPickerDelegate.h */ = {isa = PBXFileReference; fileEncoding = 4; lastKnownFileType = sourcecode.c.h; path = TipPickerDelegate.h; sourceTree = "<group>"; };
		91D4B9931A48CC840040B884 /* TipPickerDelegate.m */ = {isa = PBXFileReference; fileEncoding = 4; lastKnownFileType = sourcecode.c.objc; path = TipPickerDelegate.m; sourceTree = "<group>"; };
		91D4B9951A48D54E0040B884 /* DefaultsController.h */ = {isa = PBXFileReference; fileEncoding = 4; lastKnownFileType = sourcecode.c.h; path = DefaultsController.h; sourceTree = "<group>"; };
		91D4B9961A48D54E0040B884 /* DefaultsController.m */ = {isa = PBXFileReference; fileEncoding = 4; lastKnownFileType = sourcecode.c.objc; path = DefaultsController.m; sourceTree = "<group>"; };
		91D4B9981A4908BD0040B884 /* README.md */ = {isa = PBXFileReference; fileEncoding = 4; lastKnownFileType = net.daringfireball.markdown; path = README.md; sourceTree = "<group>"; };
		91D4B99A1A490DF30040B884 /* walkthrough.gif */ = {isa = PBXFileReference; lastKnownFileType = image.gif; path = walkthrough.gif; sourceTree = "<group>"; };
/* End PBXFileReference section */

/* Begin PBXFrameworksBuildPhase section */
		91D4B95C1A48A0D00040B884 /* Frameworks */ = {
			isa = PBXFrameworksBuildPhase;
			buildActionMask = 2147483647;
			files = (
			);
			runOnlyForDeploymentPostprocessing = 0;
		};
		91D4B9751A48A0D00040B884 /* Frameworks */ = {
			isa = PBXFrameworksBuildPhase;
			buildActionMask = 2147483647;
			files = (
			);
			runOnlyForDeploymentPostprocessing = 0;
		};
/* End PBXFrameworksBuildPhase section */

/* Begin PBXGroup section */
		91D4B9561A48A0D00040B884 = {
			isa = PBXGroup;
			children = (
				91D4B9981A4908BD0040B884 /* README.md */,
				91D4B99A1A490DF30040B884 /* walkthrough.gif */,
				91D4B9611A48A0D00040B884 /* tipcalculator */,
				91D4B97B1A48A0D00040B884 /* tipcalculatorTests */,
				91D4B9601A48A0D00040B884 /* Products */,
			);
			sourceTree = "<group>";
		};
		91D4B9601A48A0D00040B884 /* Products */ = {
			isa = PBXGroup;
			children = (
				91D4B95F1A48A0D00040B884 /* tipcalculator.app */,
				91D4B9781A48A0D00040B884 /* tipcalculatorTests.xctest */,
			);
			name = Products;
			sourceTree = "<group>";
		};
		91D4B9611A48A0D00040B884 /* tipcalculator */ = {
			isa = PBXGroup;
			children = (
				91D4B9661A48A0D00040B884 /* AppDelegate.h */,
				91D4B9671A48A0D00040B884 /* AppDelegate.m */,
				91D4B96C1A48A0D00040B884 /* Main.storyboard */,
				91D4B96F1A48A0D00040B884 /* Images.xcassets */,
				91D4B9711A48A0D00040B884 /* LaunchScreen.xib */,
				91D4B9621A48A0D00040B884 /* Supporting Files */,
				91D4B9881A48AE690040B884 /* TipViewController.h */,
				91D4B9891A48AE690040B884 /* TipViewController.m */,
				91D4B98A1A48AE690040B884 /* TipViewController.xib */,
				91D4B98D1A48C6130040B884 /* SettingsViewController.h */,
				91D4B98E1A48C6130040B884 /* SettingsViewController.m */,
				91D4B98F1A48C6130040B884 /* SettingsViewController.xib */,
				91D4B9921A48CC840040B884 /* TipPickerDelegate.h */,
				91D4B9931A48CC840040B884 /* TipPickerDelegate.m */,
				91D4B9951A48D54E0040B884 /* DefaultsController.h */,
				91D4B9961A48D54E0040B884 /* DefaultsController.m */,
			);
			path = tipcalculator;
			sourceTree = "<group>";
		};
		91D4B9621A48A0D00040B884 /* Supporting Files */ = {
			isa = PBXGroup;
			children = (
				91D4B9631A48A0D00040B884 /* Info.plist */,
				91D4B9641A48A0D00040B884 /* main.m */,
			);
			name = "Supporting Files";
			sourceTree = "<group>";
		};
		91D4B97B1A48A0D00040B884 /* tipcalculatorTests */ = {
			isa = PBXGroup;
			children = (
				91D4B97E1A48A0D00040B884 /* tipcalculatorTests.m */,
				91D4B97C1A48A0D00040B884 /* Supporting Files */,
			);
			path = tipcalculatorTests;
			sourceTree = "<group>";
		};
		91D4B97C1A48A0D00040B884 /* Supporting Files */ = {
			isa = PBXGroup;
			children = (
				91D4B97D1A48A0D00040B884 /* Info.plist */,
			);
			name = "Supporting Files";
			sourceTree = "<group>";
		};
/* End PBXGroup section */

/* Begin PBXNativeTarget section */
		91D4B95E1A48A0D00040B884 /* tipcalculator */ = {
			isa = PBXNativeTarget;
			buildConfigurationList = 91D4B9821A48A0D00040B884 /* Build configuration list for PBXNativeTarget "tipcalculator" */;
			buildPhases = (
				91D4B95B1A48A0D00040B884 /* Sources */,
				91D4B95C1A48A0D00040B884 /* Frameworks */,
				91D4B95D1A48A0D00040B884 /* Resources */,
			);
			buildRules = (
			);
			dependencies = (
			);
			name = tipcalculator;
			productName = tipcalculator;
			productReference = 91D4B95F1A48A0D00040B884 /* tipcalculator.app */;
			productType = "com.apple.product-type.application";
		};
		91D4B9771A48A0D00040B884 /* tipcalculatorTests */ = {
			isa = PBXNativeTarget;
			buildConfigurationList = 91D4B9851A48A0D00040B884 /* Build configuration list for PBXNativeTarget "tipcalculatorTests" */;
			buildPhases = (
				91D4B9741A48A0D00040B884 /* Sources */,
				91D4B9751A48A0D00040B884 /* Frameworks */,
				91D4B9761A48A0D00040B884 /* Resources */,
			);
			buildRules = (
			);
			dependencies = (
				91D4B97A1A48A0D00040B884 /* PBXTargetDependency */,
			);
			name = tipcalculatorTests;
			productName = tipcalculatorTests;
			productReference = 91D4B9781A48A0D00040B884 /* tipcalculatorTests.xctest */;
			productType = "com.apple.product-type.bundle.unit-test";
		};
/* End PBXNativeTarget section */

/* Begin PBXProject section */
		91D4B9571A48A0D00040B884 /* Project object */ = {
			isa = PBXProject;
			attributes = {
				LastUpgradeCheck = 0610;
				ORGANIZATIONNAME = OrionNet;
				TargetAttributes = {
					91D4B95E1A48A0D00040B884 = {
						CreatedOnToolsVersion = 6.1.1;
					};
					91D4B9771A48A0D00040B884 = {
						CreatedOnToolsVersion = 6.1.1;
						TestTargetID = 91D4B95E1A48A0D00040B884;
					};
				};
			};
			buildConfigurationList = 91D4B95A1A48A0D00040B884 /* Build configuration list for PBXProject "tipcalculator" */;
			compatibilityVersion = "Xcode 3.2";
			developmentRegion = English;
			hasScannedForEncodings = 0;
			knownRegions = (
				en,
				Base,
			);
			mainGroup = 91D4B9561A48A0D00040B884;
			productRefGroup = 91D4B9601A48A0D00040B884 /* Products */;
			projectDirPath = "";
			projectRoot = "";
			targets = (
				91D4B95E1A48A0D00040B884 /* tipcalculator */,
				91D4B9771A48A0D00040B884 /* tipcalculatorTests */,
			);
		};
/* End PBXProject section */

/* Begin PBXResourcesBuildPhase section */
		91D4B95D1A48A0D00040B884 /* Resources */ = {
			isa = PBXResourcesBuildPhase;
			buildActionMask = 2147483647;
			files = (
				91D4B96E1A48A0D00040B884 /* Main.storyboard in Resources */,
				91D4B9731A48A0D00040B884 /* LaunchScreen.xib in Resources */,
				91D4B98C1A48AE690040B884 /* TipViewController.xib in Resources */,
				91D4B99B1A490DF30040B884 /* walkthrough.gif in Resources */,
				91D4B9701A48A0D00040B884 /* Images.xcassets in Resources */,
				91D4B9911A48C6130040B884 /* SettingsViewController.xib in Resources */,
			);
			runOnlyForDeploymentPostprocessing = 0;
		};
		91D4B9761A48A0D00040B884 /* Resources */ = {
			isa = PBXResourcesBuildPhase;
			buildActionMask = 2147483647;
			files = (
			);
			runOnlyForDeploymentPostprocessing = 0;
		};
/* End PBXResourcesBuildPhase section */

/* Begin PBXSourcesBuildPhase section */
		91D4B95B1A48A0D00040B884 /* Sources */ = {
			isa = PBXSourcesBuildPhase;
			buildActionMask = 2147483647;
			files = (
				91D4B9681A48A0D00040B884 /* AppDelegate.m in Sources */,
				91D4B9901A48C6130040B884 /* SettingsViewController.m in Sources */,
				91D4B98B1A48AE690040B884 /* TipViewController.m in Sources */,
				91D4B9941A48CC840040B884 /* TipPickerDelegate.m in Sources */,
				91D4B9971A48D54E0040B884 /* DefaultsController.m in Sources */,
				91D4B9991A4908BD0040B884 /* README.md in Sources */,
				91D4B9651A48A0D00040B884 /* main.m in Sources */,
			);
			runOnlyForDeploymentPostprocessing = 0;
		};
		91D4B9741A48A0D00040B884 /* Sources */ = {
			isa = PBXSourcesBuildPhase;
			buildActionMask = 2147483647;
			files = (
				91D4B97F1A48A0D00040B884 /* tipcalculatorTests.m in Sources */,
			);
			runOnlyForDeploymentPostprocessing = 0;
		};
/* End PBXSourcesBuildPhase section */

/* Begin PBXTargetDependency section */
		91D4B97A1A48A0D00040B884 /* PBXTargetDependency */ = {
			isa = PBXTargetDependency;
			target = 91D4B95E1A48A0D00040B884 /* tipcalculator */;
			targetProxy = 91D4B9791A48A0D00040B884 /* PBXContainerItemProxy */;
		};
/* End PBXTargetDependency section */

/* Begin PBXVariantGroup section */
		91D4B96C1A48A0D00040B884 /* Main.storyboard */ = {
			isa = PBXVariantGroup;
			children = (
				91D4B96D1A48A0D00040B884 /* Base */,
			);
			name = Main.storyboard;
			sourceTree = "<group>";
		};
		91D4B9711A48A0D00040B884 /* LaunchScreen.xib */ = {
			isa = PBXVariantGroup;
			children = (
				91D4B9721A48A0D00040B884 /* Base */,
			);
			name = LaunchScreen.xib;
			sourceTree = "<group>";
		};
/* End PBXVariantGroup section */

/* Begin XCBuildConfiguration section */
		91D4B9801A48A0D00040B884 /* Debug */ = {
			isa = XCBuildConfiguration;
			buildSettings = {
				ALWAYS_SEARCH_USER_PATHS = NO;
				CLANG_CXX_LANGUAGE_STANDARD = "gnu++0x";
				CLANG_CXX_LIBRARY = "libc++";
				CLANG_ENABLE_MODULES = YES;
				CLANG_ENABLE_OBJC_ARC = YES;
				CLANG_WARN_BOOL_CONVERSION = YES;
				CLANG_WARN_CONSTANT_CONVERSION = YES;
				CLANG_WARN_DIRECT_OBJC_ISA_USAGE = YES_ERROR;
				CLANG_WARN_EMPTY_BODY = YES;
				CLANG_WARN_ENUM_CONVERSION = YES;
				CLANG_WARN_INT_CONVERSION = YES;
				CLANG_WARN_OBJC_ROOT_CLASS = YES_ERROR;
				CLANG_WARN_UNREACHABLE_CODE = YES;
				CLANG_WARN__DUPLICATE_METHOD_MATCH = YES;
				"CODE_SIGN_IDENTITY[sdk=iphoneos*]" = "iPhone Developer";
				COPY_PHASE_STRIP = NO;
				ENABLE_STRICT_OBJC_MSGSEND = YES;
				GCC_C_LANGUAGE_STANDARD = gnu99;
				GCC_DYNAMIC_NO_PIC = NO;
				GCC_OPTIMIZATION_LEVEL = 0;
				GCC_PREPROCESSOR_DEFINITIONS = (
					"DEBUG=1",
					"$(inherited)",
				);
				GCC_SYMBOLS_PRIVATE_EXTERN = NO;
				GCC_WARN_64_TO_32_BIT_CONVERSION = YES;
				GCC_WARN_ABOUT_RETURN_TYPE = YES_ERROR;
				GCC_WARN_UNDECLARED_SELECTOR = YES;
				GCC_WARN_UNINITIALIZED_AUTOS = YES_AGGRESSIVE;
				GCC_WARN_UNUSED_FUNCTION = YES;
				GCC_WARN_UNUSED_VARIABLE = YES;
				IPHONEOS_DEPLOYMENT_TARGET = 8.1;
				MTL_ENABLE_DEBUG_INFO = YES;
				ONLY_ACTIVE_ARCH = YES;
				SDKROOT = iphoneos;
				TARGETED_DEVICE_FAMILY = "1,2";
			};
			name = Debug;
		};
		91D4B9811A48A0D00040B884 /* Release */ = {
			isa = XCBuildConfiguration;
			buildSettings = {
				ALWAYS_SEARCH_USER_PATHS = NO;
				CLANG_CXX_LANGUAGE_STANDARD = "gnu++0x";
				CLANG_CXX_LIBRARY = "libc++";
				CLANG_ENABLE_MODULES = YES;
				CLANG_ENABLE_OBJC_ARC = YES;
				CLANG_WARN_BOOL_CONVERSION = YES;
				CLANG_WARN_CONSTANT_CONVERSION = YES;
				CLANG_WARN_DIRECT_OBJC_ISA_USAGE = YES_ERROR;
				CLANG_WARN_EMPTY_BODY = YES;
				CLANG_WARN_ENUM_CONVERSION = YES;
				CLANG_WARN_INT_CONVERSION = YES;
				CLANG_WARN_OBJC_ROOT_CLASS = YES_ERROR;
				CLANG_WARN_UNREACHABLE_CODE = YES;
				CLANG_WARN__DUPLICATE_METHOD_MATCH = YES;
				"CODE_SIGN_IDENTITY[sdk=iphoneos*]" = "iPhone Developer";
				COPY_PHASE_STRIP = YES;
				ENABLE_NS_ASSERTIONS = NO;
				ENABLE_STRICT_OBJC_MSGSEND = YES;
				GCC_C_LANGUAGE_STANDARD = gnu99;
				GCC_WARN_64_TO_32_BIT_CONVERSION = YES;
				GCC_WARN_ABOUT_RETURN_TYPE = YES_ERROR;
				GCC_WARN_UNDECLARED_SELECTOR = YES;
				GCC_WARN_UNINITIALIZED_AUTOS = YES_AGGRESSIVE;
				GCC_WARN_UNUSED_FUNCTION = YES;
				GCC_WARN_UNUSED_VARIABLE = YES;
				IPHONEOS_DEPLOYMENT_TARGET = 8.1;
				MTL_ENABLE_DEBUG_INFO = NO;
				SDKROOT = iphoneos;
				TARGETED_DEVICE_FAMILY = "1,2";
				VALIDATE_PRODUCT = YES;
			};
			name = Release;
		};
		91D4B9831A48A0D00040B884 /* Debug */ = {
			isa = XCBuildConfiguration;
			buildSettings = {
				ASSETCATALOG_COMPILER_APPICON_NAME = AppIcon;
				INFOPLIST_FILE = tipcalculator/Info.plist;
				IPHONEOS_DEPLOYMENT_TARGET = 6.0;
				LD_RUNPATH_SEARCH_PATHS = "$(inherited) @executable_path/Frameworks";
				PRODUCT_NAME = "$(TARGET_NAME)";
			};
			name = Debug;
		};
		91D4B9841A48A0D00040B884 /* Release */ = {
			isa = XCBuildConfiguration;
			buildSettings = {
				ASSETCATALOG_COMPILER_APPICON_NAME = AppIcon;
				INFOPLIST_FILE = tipcalculator/Info.plist;
				IPHONEOS_DEPLOYMENT_TARGET = 6.0;
				LD_RUNPATH_SEARCH_PATHS = "$(inherited) @executable_path/Frameworks";
				PRODUCT_NAME = "$(TARGET_NAME)";
			};
			name = Release;
		};
		91D4B9861A48A0D00040B884 /* Debug */ = {
			isa = XCBuildConfiguration;
			buildSettings = {
				BUNDLE_LOADER = "$(TEST_HOST)";
				FRAMEWORK_SEARCH_PATHS = (
					"$(SDKROOT)/Developer/Library/Frameworks",
					"$(inherited)",
				);
				GCC_PREPROCESSOR_DEFINITIONS = (
					"DEBUG=1",
					"$(inherited)",
				);
				INFOPLIST_FILE = tipcalculatorTests/Info.plist;
				LD_RUNPATH_SEARCH_PATHS = "$(inherited) @executable_path/Frameworks @loader_path/Frameworks";
				PRODUCT_NAME = "$(TARGET_NAME)";
				TEST_HOST = "$(BUILT_PRODUCTS_DIR)/tipcalculator.app/tipcalculator";
			};
			name = Debug;
		};
		91D4B9871A48A0D00040B884 /* Release */ = {
			isa = XCBuildConfiguration;
			buildSettings = {
				BUNDLE_LOADER = "$(TEST_HOST)";
				FRAMEWORK_SEARCH_PATHS = (
					"$(SDKROOT)/Developer/Library/Frameworks",
					"$(inherited)",
				);
				INFOPLIST_FILE = tipcalculatorTests/Info.plist;
				LD_RUNPATH_SEARCH_PATHS = "$(inherited) @executable_path/Frameworks @loader_path/Frameworks";
				PRODUCT_NAME = "$(TARGET_NAME)";
				TEST_HOST = "$(BUILT_PRODUCTS_DIR)/tipcalculator.app/tipcalculator";
			};
			name = Release;
		};
/* End XCBuildConfiguration section */

/* Begin XCConfigurationList section */
		91D4B95A1A48A0D00040B884 /* Build configuration list for PBXProject "tipcalculator" */ = {
			isa = XCConfigurationList;
			buildConfigurations = (
				91D4B9801A48A0D00040B884 /* Debug */,
				91D4B9811A48A0D00040B884 /* Release */,
			);
			defaultConfigurationIsVisible = 0;
			defaultConfigurationName = Release;
		};
		91D4B9821A48A0D00040B884 /* Build configuration list for PBXNativeTarget "tipcalculator" */ = {
			isa = XCConfigurationList;
			buildConfigurations = (
				91D4B9831A48A0D00040B884 /* Debug */,
				91D4B9841A48A0D00040B884 /* Release */,
			);
			defaultConfigurationIsVisible = 0;
			defaultConfigurationName = Release;
		};
		91D4B9851A48A0D00040B884 /* Build configuration list for PBXNativeTarget "tipcalculatorTests" */ = {
			isa = XCConfigurationList;
			buildConfigurations = (
				91D4B9861A48A0D00040B884 /* Debug */,
				91D4B9871A48A0D00040B884 /* Release */,
			);
			defaultConfigurationIsVisible = 0;
			defaultConfigurationName = Release;
		};
/* End XCConfigurationList section */
	};
	rootObject = 91D4B9571A48A0D00040B884 /* Project object */;
}
